dependencies:
- name: replicated
  repository: oci://registry.shortrib.io/library
  version: 1.0.0-beta.13
- name: spin-containerd-shim-installer
  repository: file://../spin-containerd-shim-installer
  version: 0.10.0
digest: sha256:2f3c1a18fc7ee846e85689fda0697a3bba9176fc6869b861788ac61796ec6d14
generated: "2024-01-26T11:41:40.896745-05:00"
